schema: '2.0'
stages:
  prepare:
    cmd: python3.11 a_guide_to_mlops/prepare.py data/raw data/prepared
    deps:
    - path: a_guide_to_mlops/prepare.py
      hash: md5
      md5: 4eebf010d346897091c0a342aece4940
      size: 2513
    - path: data/raw
      hash: md5
      md5: 860922d0291235b2e67cef9202f8e9ab.dir
      size: 8998221
      nfiles: 1637
    params:
      params.yaml:
        prepare:
          seed: 77
          split: 0.2
          image_size:
          - 32
          - 32
          grayscale: true
    outs:
    - path: data/prepared
      hash: md5
      md5: 026a7ae539b2c66d61eaced1b7cf6f0e.dir
      size: 6750060
      nfiles: 8
  train:
    cmd: python3.11 src/train.py data/prepared model
    deps:
    - path: data/prepared
      hash: md5
      md5: 1b40991601905d02dc7f7d9352ad6c19.dir
      size: 6750059
      nfiles: 8
    - path: src/train.py
      hash: md5
      md5: f0c533685de7ddb3f8a8d9d4c221747e
      size: 3856
    - path: src/utils/seed.py
      hash: md5
      md5: 963a551c177450f50e4f11bd1a9ab2c7
      size: 437
    params:
      params.yaml:
        train:
          seed: 77
          lr: 0.001
          epochs: 10
          conv_size: 64
          dense_size: 128
          output_classes: 11
    outs:
    - path: model
      hash: md5
      md5: 2ad22e626372cc73cb45bbc116e40604.dir
      size: 8281156
      nfiles: 2
  evaluate:
    cmd: python3.11 src/evaluate.py model data/prepared
    deps:
    - path: model
      hash: md5
      md5: 2ad22e626372cc73cb45bbc116e40604.dir
      size: 8281156
      nfiles: 2
    - path: src/evaluate.py
      hash: md5
      md5: ed775b26fb8d8b7d91f99e83ca8c42f9
      size: 5480
    outs:
    - path: evaluation/metrics.json
      hash: md5
      md5: 32cd89a34ba9c599b064b063e68b0e7d
      size: 62
    - path: evaluation/plots/confusion_matrix.png
      hash: md5
      md5: 8f511b3672df3878ac3784b8603556be
      size: 46883
    - path: evaluation/plots/pred_preview.png
      hash: md5
      md5: 6d1db42e2f4697538b54d985f7bfe211
      size: 45767
    - path: evaluation/plots/training_history.png
      hash: md5
      md5: d6309a5222da361dd56375412344a79b
      size: 37109
